
Microsoft Visual Studio Solution File, Format Version 12.00
# Visual Studio Version 17
VisualStudioVersion = 17.7.34221.43
MinimumVisualStudioVersion = 10.0.40219.1
Project("{FAE04EC0-301F-11D3-BF4B-00C04F79EFBC}") = "Controle_De_Estoque", "Controle_De_Estoque\Controle_De_Estoque.csproj", "{734AB4EC-C9C0-4D25-B474-486F8847B2B8}"
EndProject
Project("{FAE04EC0-301F-11D3-BF4B-00C04F79EFBC}") = "GestaoDeProdutos", "GestaoDeProdutos\GestaoDeProdutos.csproj", "{5BE97C1C-CD0D-4AB1-92BF-5746F3203610}"
EndProject
Global
	GlobalSection(SolutionConfigurationPlatforms) = preSolution
		Debug|Any CPU = Debug|Any CPU
		Release|Any CPU = Release|Any CPU
	EndGlobalSection
	GlobalSection(ProjectConfigurationPlatforms) = postSolution
		{734AB4EC-C9C0-4D25-B474-486F8847B2B8}.Debug|Any CPU.ActiveCfg = Debug|Any CPU
		{734AB4EC-C9C0-4D25-B474-486F8847B2B8}.Debug|Any CPU.Build.0 = Debug|Any CPU
		{734AB4EC-C9C0-4D25-B474-486F8847B2B8}.Release|Any CPU.ActiveCfg = Release|Any CPU
		{734AB4EC-C9C0-4D25-B474-486F8847B2B8}.Release|Any CPU.Build.0 = Release|Any CPU
		{5BE97C1C-CD0D-4AB1-92BF-5746F3203610}.Debug|Any CPU.ActiveCfg = Debug|Any CPU
		{5BE97C1C-CD0D-4AB1-92BF-5746F3203610}.Debug|Any CPU.Build.0 = Debug|Any CPU
		{5BE97C1C-CD0D-4AB1-92BF-5746F3203610}.Release|Any CPU.ActiveCfg = Release|Any CPU
		{5BE97C1C-CD0D-4AB1-92BF-5746F3203610}.Release|Any CPU.Build.0 = Release|Any CPU
	EndGlobalSection
	GlobalSection(SolutionProperties) = preSolution
		HideSolutionNode = FALSE
	EndGlobalSection
	GlobalSection(ExtensibilityGlobals) = postSolution
		SolutionGuid = {80E6DEAA-7973-4A14-BA56-43F907C59E7E}
	EndGlobalSection
EndGlobal
