
Microsoft Visual Studio Solution File, Format Version 12.00
# Visual Studio Version 17
VisualStudioVersion = 17.7.34221.43
MinimumVisualStudioVersion = 10.0.40219.1
Project("{FAE04EC0-301F-11D3-BF4B-00C04F79EFBC}") = "InterfaceDeUsuario", "InterfaceDeUsuario\InterfaceDeUsuario.csproj", "{3F91DFEB-384F-4065-80F1-0B910AD83AE8}"
EndProject
Project("{FAE04EC0-301F-11D3-BF4B-00C04F79EFBC}") = "InfraestruturaDeDados", "InfraestruturaDeDados\InfraestruturaDeDados.csproj", "{0A3E26AF-749A-4010-8F5E-C8724461A5DD}"
EndProject
Project("{FAE04EC0-301F-11D3-BF4B-00C04F79EFBC}") = "Dominio", "Dominio\Dominio.csproj", "{A911BE24-332F-4558-A48A-2193A1BFD7AB}"
EndProject
Global
	GlobalSection(SolutionConfigurationPlatforms) = preSolution
		Debug|Any CPU = Debug|Any CPU
		Release|Any CPU = Release|Any CPU
	EndGlobalSection
	GlobalSection(ProjectConfigurationPlatforms) = postSolution
		{3F91DFEB-384F-4065-80F1-0B910AD83AE8}.Debug|Any CPU.ActiveCfg = Debug|Any CPU
		{3F91DFEB-384F-4065-80F1-0B910AD83AE8}.Debug|Any CPU.Build.0 = Debug|Any CPU
		{3F91DFEB-384F-4065-80F1-0B910AD83AE8}.Release|Any CPU.ActiveCfg = Release|Any CPU
		{3F91DFEB-384F-4065-80F1-0B910AD83AE8}.Release|Any CPU.Build.0 = Release|Any CPU
		{0A3E26AF-749A-4010-8F5E-C8724461A5DD}.Debug|Any CPU.ActiveCfg = Debug|Any CPU
		{0A3E26AF-749A-4010-8F5E-C8724461A5DD}.Debug|Any CPU.Build.0 = Debug|Any CPU
		{0A3E26AF-749A-4010-8F5E-C8724461A5DD}.Release|Any CPU.ActiveCfg = Release|Any CPU
		{0A3E26AF-749A-4010-8F5E-C8724461A5DD}.Release|Any CPU.Build.0 = Release|Any CPU
		{A911BE24-332F-4558-A48A-2193A1BFD7AB}.Debug|Any CPU.ActiveCfg = Debug|Any CPU
		{A911BE24-332F-4558-A48A-2193A1BFD7AB}.Debug|Any CPU.Build.0 = Debug|Any CPU
		{A911BE24-332F-4558-A48A-2193A1BFD7AB}.Release|Any CPU.ActiveCfg = Release|Any CPU
		{A911BE24-332F-4558-A48A-2193A1BFD7AB}.Release|Any CPU.Build.0 = Release|Any CPU
	EndGlobalSection
	GlobalSection(SolutionProperties) = preSolution
		HideSolutionNode = FALSE
	EndGlobalSection
	GlobalSection(ExtensibilityGlobals) = postSolution
		SolutionGuid = {80E6DEAA-7973-4A14-BA56-43F907C59E7E}
	EndGlobalSection
EndGlobal
